
Microsoft Visual Studio Solution File, Format Version 12.00
# Visual Studio Version 16
VisualStudioVersion = 16.0.28803.452
MinimumVisualStudioVersion = 10.0.40219.1
Project("{FAE04EC0-301F-11D3-BF4B-00C04F79EFBC}") = "SimJWT.Core", "SimJWT.Core\SimJWT.Core.csproj", "{8CA959BD-C6CA-407B-B97E-D8C24F11EF34}"
EndProject
Project("{FAE04EC0-301F-11D3-BF4B-00C04F79EFBC}") = "SimJWT.Core.Test", "SimJWT.Core.Test\SimJWT.Core.Test.csproj", "{584FDA15-A700-4E08-B9D7-946438E4F5BB}"
EndProject
Global
	GlobalSection(SolutionConfigurationPlatforms) = preSolution
		Debug|Any CPU = Debug|Any CPU
		Release|Any CPU = Release|Any CPU
	EndGlobalSection
	GlobalSection(ProjectConfigurationPlatforms) = postSolution
		{8CA959BD-C6CA-407B-B97E-D8C24F11EF34}.Debug|Any CPU.ActiveCfg = Debug|Any CPU
		{8CA959BD-C6CA-407B-B97E-D8C24F11EF34}.Debug|Any CPU.Build.0 = Debug|Any CPU
		{8CA959BD-C6CA-407B-B97E-D8C24F11EF34}.Release|Any CPU.ActiveCfg = Release|Any CPU
		{8CA959BD-C6CA-407B-B97E-D8C24F11EF34}.Release|Any CPU.Build.0 = Release|Any CPU
		{584FDA15-A700-4E08-B9D7-946438E4F5BB}.Debug|Any CPU.ActiveCfg = Debug|Any CPU
		{584FDA15-A700-4E08-B9D7-946438E4F5BB}.Debug|Any CPU.Build.0 = Debug|Any CPU
		{584FDA15-A700-4E08-B9D7-946438E4F5BB}.Release|Any CPU.ActiveCfg = Release|Any CPU
		{584FDA15-A700-4E08-B9D7-946438E4F5BB}.Release|Any CPU.Build.0 = Release|Any CPU
	EndGlobalSection
	GlobalSection(SolutionProperties) = preSolution
		HideSolutionNode = FALSE
	EndGlobalSection
	GlobalSection(ExtensibilityGlobals) = postSolution
		SolutionGuid = {B3597B92-1CD5-4825-88AF-BE5BF6A79E1E}
	EndGlobalSection
EndGlobal
